{
  "nodes": {
    "base16": {
      "inputs": {
        "fromYaml": "fromYaml"
      },
      "locked": {
        "lastModified": 1689633990,
        "narHash": "sha256-iwvQg2Vx0IIDWZaKo8Xmzxlv1YPHg+Kp/QSv8dRv0RY=",
        "owner": "SenchoPens",
        "repo": "base16.nix",
        "rev": "dddf2e1c04845d43c89a8e9e37d574519649a404",
        "type": "github"
      },
      "original": {
        "owner": "SenchoPens",
        "repo": "base16.nix",
        "type": "github"
      }
    },
    "base16-schemes": {
      "flake": false,
      "locked": {
        "lastModified": 1689473676,
        "narHash": "sha256-L0RhUr9+W5EPWBpLcmkKpUeCEWRs/kLzVMF3Vao2ZU0=",
        "owner": "tinted-theming",
        "repo": "base16-schemes",
        "rev": "d95123ca6377cd849cfdce92c0a24406b0c6a789",
        "type": "github"
      },
      "original": {
        "owner": "tinted-theming",
        "repo": "base16-schemes",
        "type": "github"
      }
    },
    "blender": {
      "inputs": {
        "nixpkgs": "nixpkgs"
      },
      "locked": {
        "dir": "blender",
        "lastModified": 1695394933,
        "narHash": "sha256-b4zUcC4MrV1z3tEYeDQSSuz4CIDo6+uHIzqlyQ/l6VE=",
        "owner": "edolstra",
        "repo": "nix-warez",
        "rev": "43527d12eb051575501088c2f5c0ec6f22319115",
        "type": "github"
      },
      "original": {
        "dir": "blender",
        "owner": "edolstra",
        "repo": "nix-warez",
        "type": "github"
      }
    },
    "flake-compat": {
      "flake": false,
      "locked": {
        "lastModified": 1673956053,
        "narHash": "sha256-4gtG9iQuiKITOjNQQeQIpoIB6b16fm+504Ch3sNKLd8=",
        "owner": "edolstra",
        "repo": "flake-compat",
        "rev": "35bb57c0c8d8b62bbfd284272c928ceb64ddbde9",
        "type": "github"
      },
      "original": {
        "owner": "edolstra",
        "repo": "flake-compat",
        "type": "github"
      }
    },
    "fromYaml": {
      "flake": false,
      "locked": {
        "lastModified": 1689549921,
        "narHash": "sha256-iX0pk/uB019TdBGlaJEWvBCfydT6sRq+eDcGPifVsCM=",
        "owner": "SenchoPens",
        "repo": "fromYaml",
        "rev": "11fbbbfb32e3289d3c631e0134a23854e7865c84",
        "type": "github"
      },
      "original": {
        "owner": "SenchoPens",
        "repo": "fromYaml",
        "type": "github"
      }
    },
    "hm": {
      "inputs": {
        "nixpkgs": "nixpkgs_2"
      },
      "locked": {
        "lastModified": 1696063111,
        "narHash": "sha256-F2IJEbyH3xG0eqyAYn9JoV+niqNz+xb4HICYNkkviNI=",
        "owner": "nix-community",
        "repo": "home-manager",
        "rev": "ae896c810f501bf0c3a2fd7fc2de094dd0addf01",
        "type": "github"
      },
      "original": {
        "owner": "nix-community",
        "repo": "home-manager",
        "type": "github"
      }
    },
    "home-manager": {
      "inputs": {
        "nixpkgs": [
          "stylix",
          "nixpkgs"
        ]
      },
      "locked": {
        "lastModified": 1691882297,
        "narHash": "sha256-e1/LAQSGLnBywfA1TfMl0Vj3tvYka73XOZ/D2/CJowE=",
        "owner": "nix-community",
        "repo": "home-manager",
        "rev": "c3ab5ea047e6dc73df530948f7367455749d8906",
        "type": "github"
      },
      "original": {
        "owner": "nix-community",
        "repo": "home-manager",
        "type": "github"
      }
    },
    "nix-colors": {
      "inputs": {
        "base16-schemes": "base16-schemes",
        "nixpkgs-lib": "nixpkgs-lib"
      },
      "locked": {
        "lastModified": 1695388192,
        "narHash": "sha256-2jelpE7xK+4M7jZNyWL7QYOYegQLYBDQS5bvdo8XRUQ=",
        "owner": "misterio77",
        "repo": "nix-colors",
        "rev": "37227f274b34a3b51649166deb94ce7fec2c6a4c",
        "type": "github"
      },
      "original": {
        "owner": "misterio77",
        "repo": "nix-colors",
        "type": "github"
      }
    },
    "nixpkgs": {
      "locked": {
        "lastModified": 1654622265,
        "narHash": "sha256-AltUA8bPbXeRgzcDhQEURVHqQhTByxk6Xtgf+CYmEFk=",
        "owner": "NixOS",
        "repo": "nixpkgs",
        "rev": "11e805f9935f6ab4b049351ac14f2d1aa93cf1d3",
        "type": "github"
      },
      "original": {
        "id": "nixpkgs",
        "ref": "nixos-22.05",
        "type": "indirect"
      }
    },
    "nixpkgs-lib": {
      "locked": {
        "lastModified": 1694911725,
        "narHash": "sha256-8YqI+YU1DGclEjHsnrrGfqsQg3Wyga1DfTbJrN3Ud0c=",
        "owner": "nix-community",
        "repo": "nixpkgs.lib",
        "rev": "819180647f428a3826bfc917a54449da1e532ce0",
        "type": "github"
      },
      "original": {
        "owner": "nix-community",
        "repo": "nixpkgs.lib",
        "type": "github"
      }
    },
    "nixpkgs_2": {
      "locked": {
        "lastModified": 1695830400,
        "narHash": "sha256-gToZXQVr0G/1WriO83olnqrLSHF2Jb8BPcmCt497ro0=",
        "owner": "NixOS",
        "repo": "nixpkgs",
        "rev": "8a86b98f0ba1c405358f1b71ff8b5e1d317f5db2",
        "type": "github"
      },
      "original": {
        "owner": "NixOS",
        "ref": "nixos-unstable",
        "repo": "nixpkgs",
        "type": "github"
      }
    },
    "nixpkgs_3": {
      "locked": {
        "lastModified": 1695830400,
        "narHash": "sha256-gToZXQVr0G/1WriO83olnqrLSHF2Jb8BPcmCt497ro0=",
        "owner": "nixos",
        "repo": "nixpkgs",
        "rev": "8a86b98f0ba1c405358f1b71ff8b5e1d317f5db2",
        "type": "github"
      },
      "original": {
        "owner": "nixos",
        "ref": "nixos-unstable",
        "repo": "nixpkgs",
        "type": "github"
      }
    },
    "nixpkgs_4": {
      "locked": {
        "lastModified": 1695978539,
        "narHash": "sha256-lta5HToBZMWZ2hl5CautNSUgIZViR41QxN7JKbMAjgQ=",
        "owner": "NixOS",
        "repo": "nixpkgs",
        "rev": "bd9b686c0168041aea600222be0805a0de6e6ab8",
        "type": "github"
      },
      "original": {
        "owner": "NixOS",
        "ref": "nixpkgs-unstable",
        "repo": "nixpkgs",
        "type": "github"
      }
    },
    "root": {
      "inputs": {
        "blender": "blender",
        "hm": "hm",
        "nix-colors": "nix-colors",
        "nixpkgs": "nixpkgs_3",
        "stylix": "stylix"
      }
    },
    "stylix": {
      "inputs": {
        "base16": "base16",
        "flake-compat": "flake-compat",
        "home-manager": "home-manager",
        "nixpkgs": "nixpkgs_4"
      },
      "locked": {
        "lastModified": 1694375893,
        "narHash": "sha256-oJGESNjJ/6o6tfuUavBZ7go4Oun7g9YKv7OqaQaY/80=",
        "owner": "danth",
        "repo": "stylix",
        "rev": "c3c9f4784b4f08f6676340126858d936edbce1fa",
        "type": "github"
      },
      "original": {
        "owner": "danth",
        "repo": "stylix",
        "type": "github"
      }
    }
  },
  "root": "root",
  "version": 7
}
